
Microsoft Visual Studio Solution File, Format Version 12.00
# Visual Studio Version 17
VisualStudioVersion = 17.6.33815.320
MinimumVisualStudioVersion = 10.0.40219.1
Project("{FAE04EC0-301F-11D3-BF4B-00C04F79EFBC}") = "API", "API\API.csproj", "{409746DC-BCF2-4079-A873-81E7122D2E7F}"
EndProject
Global
	GlobalSection(SolutionConfigurationPlatforms) = preSolution
		Debug|Any CPU = Debug|Any CPU
		Release|Any CPU = Release|Any CPU
	EndGlobalSection
	GlobalSection(ProjectConfigurationPlatforms) = postSolution
		{409746DC-BCF2-4079-A873-81E7122D2E7F}.Debug|Any CPU.ActiveCfg = Debug|Any CPU
		{409746DC-BCF2-4079-A873-81E7122D2E7F}.Debug|Any CPU.Build.0 = Debug|Any CPU
		{409746DC-BCF2-4079-A873-81E7122D2E7F}.Release|Any CPU.ActiveCfg = Release|Any CPU
		{409746DC-BCF2-4079-A873-81E7122D2E7F}.Release|Any CPU.Build.0 = Release|Any CPU
	EndGlobalSection
	GlobalSection(SolutionProperties) = preSolution
		HideSolutionNode = FALSE
	EndGlobalSection
	GlobalSection(ExtensibilityGlobals) = postSolution
		SolutionGuid = {0F959D61-7F68-4B5C-92BA-5D6AD6660B55}
	EndGlobalSection
EndGlobal
